// !$*UTF8*$!
{
	archiveVersion = 1;
	classes = {
	};
	objectVersion = 46;
	objects = {

/* Begin PBXBuildFile section */
		DE617C3C1C56A6F300A6936E /* TableViewDetailViewController.swift in Sources */ = {isa = PBXBuildFile; fileRef = DE617C3B1C56A6F300A6936E /* TableViewDetailViewController.swift */; };
		DE617C821C56ED6100A6936E /* CustomMemeCell.swift in Sources */ = {isa = PBXBuildFile; fileRef = DE617C811C56ED6100A6936E /* CustomMemeCell.swift */; };
		DE617D0A1C5AB3ED00A6936E /* CollectionViewController.swift in Sources */ = {isa = PBXBuildFile; fileRef = DE617D091C5AB3ED00A6936E /* CollectionViewController.swift */; };
		DE9A02111C45ABA400D2BD5A /* AppDelegate.swift in Sources */ = {isa = PBXBuildFile; fileRef = DE9A02101C45ABA400D2BD5A /* AppDelegate.swift */; };
		DE9A02131C45ABA400D2BD5A /* MemeViewController.swift in Sources */ = {isa = PBXBuildFile; fileRef = DE9A02121C45ABA400D2BD5A /* MemeViewController.swift */; };
		DE9A02161C45ABA400D2BD5A /* Main.storyboard in Resources */ = {isa = PBXBuildFile; fileRef = DE9A02141C45ABA400D2BD5A /* Main.storyboard */; };
		DE9A02181C45ABA400D2BD5A /* Assets.xcassets in Resources */ = {isa = PBXBuildFile; fileRef = DE9A02171C45ABA400D2BD5A /* Assets.xcassets */; };
		DE9A021B1C45ABA400D2BD5A /* LaunchScreen.storyboard in Resources */ = {isa = PBXBuildFile; fileRef = DE9A02191C45ABA400D2BD5A /* LaunchScreen.storyboard */; };
		DE9A02231C45C49F00D2BD5A /* TableViewController.swift in Sources */ = {isa = PBXBuildFile; fileRef = DE9A02221C45C49F00D2BD5A /* TableViewController.swift */; };
		DE9A02291C45C9AE00D2BD5A /* SaveMeme.swift in Sources */ = {isa = PBXBuildFile; fileRef = DE9A02281C45C9AE00D2BD5A /* SaveMeme.swift */; };
		DEE1526F1C611D2D003485BC /* CollectionViewDetailViewController.swift in Sources */ = {isa = PBXBuildFile; fileRef = DEE1526E1C611D2D003485BC /* CollectionViewDetailViewController.swift */; };
/* End PBXBuildFile section */

/* Begin PBXFileReference section */
		DE617C3B1C56A6F300A6936E /* TableViewDetailViewController.swift */ = {isa = PBXFileReference; fileEncoding = 4; lastKnownFileType = sourcecode.swift; path = TableViewDetailViewController.swift; sourceTree = "<group>"; };
		DE617C811C56ED6100A6936E /* CustomMemeCell.swift */ = {isa = PBXFileReference; fileEncoding = 4; lastKnownFileType = sourcecode.swift; path = CustomMemeCell.swift; sourceTree = "<group>"; };
		DE617D091C5AB3ED00A6936E /* CollectionViewController.swift */ = {isa = PBXFileReference; fileEncoding = 4; lastKnownFileType = sourcecode.swift; path = CollectionViewController.swift; sourceTree = "<group>"; };
		DE9A020D1C45ABA300D2BD5A /* MeMeMe.app */ = {isa = PBXFileReference; explicitFileType = wrapper.application; includeInIndex = 0; path = MeMeMe.app; sourceTree = BUILT_PRODUCTS_DIR; };
		DE9A02101C45ABA400D2BD5A /* AppDelegate.swift */ = {isa = PBXFileReference; lastKnownFileType = sourcecode.swift; path = AppDelegate.swift; sourceTree = "<group>"; };
		DE9A02121C45ABA400D2BD5A /* MemeViewController.swift */ = {isa = PBXFileReference; lastKnownFileType = sourcecode.swift; path = MemeViewController.swift; sourceTree = "<group>"; };
		DE9A02151C45ABA400D2BD5A /* Base */ = {isa = PBXFileReference; lastKnownFileType = file.storyboard; name = Base; path = Base.lproj/Main.storyboard; sourceTree = "<group>"; };
		DE9A02171C45ABA400D2BD5A /* Assets.xcassets */ = {isa = PBXFileReference; lastKnownFileType = folder.assetcatalog; path = Assets.xcassets; sourceTree = "<group>"; };
		DE9A021A1C45ABA400D2BD5A /* Base */ = {isa = PBXFileReference; lastKnownFileType = file.storyboard; name = Base; path = Base.lproj/LaunchScreen.storyboard; sourceTree = "<group>"; };
		DE9A021C1C45ABA400D2BD5A /* Info.plist */ = {isa = PBXFileReference; lastKnownFileType = text.plist.xml; path = Info.plist; sourceTree = "<group>"; };
		DE9A02221C45C49F00D2BD5A /* TableViewController.swift */ = {isa = PBXFileReference; fileEncoding = 4; lastKnownFileType = sourcecode.swift; path = TableViewController.swift; sourceTree = "<group>"; };
		DE9A02281C45C9AE00D2BD5A /* SaveMeme.swift */ = {isa = PBXFileReference; fileEncoding = 4; lastKnownFileType = sourcecode.swift; path = SaveMeme.swift; sourceTree = "<group>"; };
		DEE1526E1C611D2D003485BC /* CollectionViewDetailViewController.swift */ = {isa = PBXFileReference; fileEncoding = 4; lastKnownFileType = sourcecode.swift; path = CollectionViewDetailViewController.swift; sourceTree = "<group>"; };
/* End PBXFileReference section */

/* Begin PBXFrameworksBuildPhase section */
		DE9A020A1C45ABA300D2BD5A /* Frameworks */ = {
			isa = PBXFrameworksBuildPhase;
			buildActionMask = 2147483647;
			files = (
			);
			runOnlyForDeploymentPostprocessing = 0;
		};
/* End PBXFrameworksBuildPhase section */

/* Begin PBXGroup section */
		DE9A02041C45ABA300D2BD5A = {
			isa = PBXGroup;
			children = (
				DE9A020F1C45ABA400D2BD5A /* MeMeMe */,
				DE9A020E1C45ABA300D2BD5A /* Products */,
			);
			sourceTree = "<group>";
		};
		DE9A020E1C45ABA300D2BD5A /* Products */ = {
			isa = PBXGroup;
			children = (
				DE9A020D1C45ABA300D2BD5A /* MeMeMe.app */,
			);
			name = Products;
			sourceTree = "<group>";
		};
		DE9A020F1C45ABA400D2BD5A /* MeMeMe */ = {
			isa = PBXGroup;
			children = (
				DE9A02101C45ABA400D2BD5A /* AppDelegate.swift */,
				DE9A02121C45ABA400D2BD5A /* MemeViewController.swift */,
				DE9A02141C45ABA400D2BD5A /* Main.storyboard */,
				DE617C811C56ED6100A6936E /* CustomMemeCell.swift */,
				DE617C3B1C56A6F300A6936E /* TableViewDetailViewController.swift */,
				DE617D091C5AB3ED00A6936E /* CollectionViewController.swift */,
				DEE1526E1C611D2D003485BC /* CollectionViewDetailViewController.swift */,
				DE9A02281C45C9AE00D2BD5A /* SaveMeme.swift */,
				DE9A02221C45C49F00D2BD5A /* TableViewController.swift */,
				DE9A02171C45ABA400D2BD5A /* Assets.xcassets */,
				DE9A02191C45ABA400D2BD5A /* LaunchScreen.storyboard */,
				DE9A021C1C45ABA400D2BD5A /* Info.plist */,
			);
			path = MeMeMe;
			sourceTree = "<group>";
		};
/* End PBXGroup section */

/* Begin PBXNativeTarget section */
		DE9A020C1C45ABA300D2BD5A /* MeMeMe */ = {
			isa = PBXNativeTarget;
			buildConfigurationList = DE9A021F1C45ABA400D2BD5A /* Build configuration list for PBXNativeTarget "MeMeMe" */;
			buildPhases = (
				DE9A02091C45ABA300D2BD5A /* Sources */,
				DE9A020A1C45ABA300D2BD5A /* Frameworks */,
				DE9A020B1C45ABA300D2BD5A /* Resources */,
			);
			buildRules = (
			);
			dependencies = (
			);
			name = MeMeMe;
			productName = MeMeMe;
			productReference = DE9A020D1C45ABA300D2BD5A /* MeMeMe.app */;
			productType = "com.apple.product-type.application";
		};
/* End PBXNativeTarget section */

/* Begin PBXProject section */
		DE9A02051C45ABA300D2BD5A /* Project object */ = {
			isa = PBXProject;
			attributes = {
				LastSwiftUpdateCheck = 0720;
				LastUpgradeCheck = 0720;
				ORGANIZATIONNAME = "Rachel Paturi";
				TargetAttributes = {
					DE9A020C1C45ABA300D2BD5A = {
						CreatedOnToolsVersion = 7.2;
						DevelopmentTeam = F3XPE94T2L;
					};
				};
			};
			buildConfigurationList = DE9A02081C45ABA300D2BD5A /* Build configuration list for PBXProject "MeMeMe" */;
			compatibilityVersion = "Xcode 3.2";
			developmentRegion = English;
			hasScannedForEncodings = 0;
			knownRegions = (
				en,
				Base,
			);
			mainGroup = DE9A02041C45ABA300D2BD5A;
			productRefGroup = DE9A020E1C45ABA300D2BD5A /* Products */;
			projectDirPath = "";
			projectRoot = "";
			targets = (
				DE9A020C1C45ABA300D2BD5A /* MeMeMe */,
			);
		};
/* End PBXProject section */

/* Begin PBXResourcesBuildPhase section */
		DE9A020B1C45ABA300D2BD5A /* Resources */ = {
			isa = PBXResourcesBuildPhase;
			buildActionMask = 2147483647;
			files = (
				DE9A021B1C45ABA400D2BD5A /* LaunchScreen.storyboard in Resources */,
				DE9A02181C45ABA400D2BD5A /* Assets.xcassets in Resources */,
				DE9A02161C45ABA400D2BD5A /* Main.storyboard in Resources */,
			);
			runOnlyForDeploymentPostprocessing = 0;
		};
/* End PBXResourcesBuildPhase section */

/* Begin PBXSourcesBuildPhase section */
		DE9A02091C45ABA300D2BD5A /* Sources */ = {
			isa = PBXSourcesBuildPhase;
			buildActionMask = 2147483647;
			files = (
				DE9A02291C45C9AE00D2BD5A /* SaveMeme.swift in Sources */,
				DE9A02131C45ABA400D2BD5A /* MemeViewController.swift in Sources */,
				DE617C821C56ED6100A6936E /* CustomMemeCell.swift in Sources */,
				DE617D0A1C5AB3ED00A6936E /* CollectionViewController.swift in Sources */,
				DEE1526F1C611D2D003485BC /* CollectionViewDetailViewController.swift in Sources */,
				DE9A02231C45C49F00D2BD5A /* TableViewController.swift in Sources */,
				DE9A02111C45ABA400D2BD5A /* AppDelegate.swift in Sources */,
				DE617C3C1C56A6F300A6936E /* TableViewDetailViewController.swift in Sources */,
			);
			runOnlyForDeploymentPostprocessing = 0;
		};
/* End PBXSourcesBuildPhase section */

/* Begin PBXVariantGroup section */
		DE9A02141C45ABA400D2BD5A /* Main.storyboard */ = {
			isa = PBXVariantGroup;
			children = (
				DE9A02151C45ABA400D2BD5A /* Base */,
			);
			name = Main.storyboard;
			sourceTree = "<group>";
		};
		DE9A02191C45ABA400D2BD5A /* LaunchScreen.storyboard */ = {
			isa = PBXVariantGroup;
			children = (
				DE9A021A1C45ABA400D2BD5A /* Base */,
			);
			name = LaunchScreen.storyboard;
			sourceTree = "<group>";
		};
/* End PBXVariantGroup section */

/* Begin XCBuildConfiguration section */
		DE9A021D1C45ABA400D2BD5A /* Debug */ = {
			isa = XCBuildConfiguration;
			buildSettings = {
				ALWAYS_SEARCH_USER_PATHS = NO;
				CLANG_CXX_LANGUAGE_STANDARD = "gnu++0x";
				CLANG_CXX_LIBRARY = "libc++";
				CLANG_ENABLE_MODULES = YES;
				CLANG_ENABLE_OBJC_ARC = YES;
				CLANG_WARN_BOOL_CONVERSION = YES;
				CLANG_WARN_CONSTANT_CONVERSION = YES;
				CLANG_WARN_DIRECT_OBJC_ISA_USAGE = YES_ERROR;
				CLANG_WARN_EMPTY_BODY = YES;
				CLANG_WARN_ENUM_CONVERSION = YES;
				CLANG_WARN_INT_CONVERSION = YES;
				CLANG_WARN_OBJC_ROOT_CLASS = YES_ERROR;
				CLANG_WARN_UNREACHABLE_CODE = YES;
				CLANG_WARN__DUPLICATE_METHOD_MATCH = YES;
				"CODE_SIGN_IDENTITY[sdk=iphoneos*]" = "iPhone Developer";
				COPY_PHASE_STRIP = NO;
				DEBUG_INFORMATION_FORMAT = dwarf;
				ENABLE_STRICT_OBJC_MSGSEND = YES;
				ENABLE_TESTABILITY = YES;
				GCC_C_LANGUAGE_STANDARD = gnu99;
				GCC_DYNAMIC_NO_PIC = NO;
				GCC_NO_COMMON_BLOCKS = YES;
				GCC_OPTIMIZATION_LEVEL = 0;
				GCC_PREPROCESSOR_DEFINITIONS = (
					"DEBUG=1",
					"$(inherited)",
				);
				GCC_WARN_64_TO_32_BIT_CONVERSION = YES;
				GCC_WARN_ABOUT_RETURN_TYPE = YES_ERROR;
				GCC_WARN_UNDECLARED_SELECTOR = YES;
				GCC_WARN_UNINITIALIZED_AUTOS = YES_AGGRESSIVE;
				GCC_WARN_UNUSED_FUNCTION = YES;
				GCC_WARN_UNUSED_VARIABLE = YES;
				IPHONEOS_DEPLOYMENT_TARGET = 9.2;
				MTL_ENABLE_DEBUG_INFO = YES;
				ONLY_ACTIVE_ARCH = YES;
				SDKROOT = iphoneos;
				SWIFT_OPTIMIZATION_LEVEL = "-Onone";
			};
			name = Debug;
		};
		DE9A021E1C45ABA400D2BD5A /* Release */ = {
			isa = XCBuildConfiguration;
			buildSettings = {
				ALWAYS_SEARCH_USER_PATHS = NO;
				CLANG_CXX_LANGUAGE_STANDARD = "gnu++0x";
				CLANG_CXX_LIBRARY = "libc++";
				CLANG_ENABLE_MODULES = YES;
				CLANG_ENABLE_OBJC_ARC = YES;
				CLANG_WARN_BOOL_CONVERSION = YES;
				CLANG_WARN_CONSTANT_CONVERSION = YES;
				CLANG_WARN_DIRECT_OBJC_ISA_USAGE = YES_ERROR;
				CLANG_WARN_EMPTY_BODY = YES;
				CLANG_WARN_ENUM_CONVERSION = YES;
				CLANG_WARN_INT_CONVERSION = YES;
				CLANG_WARN_OBJC_ROOT_CLASS = YES_ERROR;
				CLANG_WARN_UNREACHABLE_CODE = YES;
				CLANG_WARN__DUPLICATE_METHOD_MATCH = YES;
				"CODE_SIGN_IDENTITY[sdk=iphoneos*]" = "iPhone Developer";
				COPY_PHASE_STRIP = NO;
				DEBUG_INFORMATION_FORMAT = "dwarf-with-dsym";
				ENABLE_NS_ASSERTIONS = NO;
				ENABLE_STRICT_OBJC_MSGSEND = YES;
				GCC_C_LANGUAGE_STANDARD = gnu99;
				GCC_NO_COMMON_BLOCKS = YES;
				GCC_WARN_64_TO_32_BIT_CONVERSION = YES;
				GCC_WARN_ABOUT_RETURN_TYPE = YES_ERROR;
				GCC_WARN_UNDECLARED_SELECTOR = YES;
				GCC_WARN_UNINITIALIZED_AUTOS = YES_AGGRESSIVE;
				GCC_WARN_UNUSED_FUNCTION = YES;
				GCC_WARN_UNUSED_VARIABLE = YES;
				IPHONEOS_DEPLOYMENT_TARGET = 9.2;
				MTL_ENABLE_DEBUG_INFO = NO;
				SDKROOT = iphoneos;
				VALIDATE_PRODUCT = YES;
			};
			name = Release;
		};
		DE9A02201C45ABA400D2BD5A /* Debug */ = {
			isa = XCBuildConfiguration;
			buildSettings = {
				ASSETCATALOG_COMPILER_APPICON_NAME = AppIcon;
				DEVELOPMENT_TEAM = F3XPE94T2L;
				INFOPLIST_FILE = MeMeMe/Info.plist;
				LD_RUNPATH_SEARCH_PATHS = "$(inherited) @executable_path/Frameworks";
				PRODUCT_BUNDLE_IDENTIFIER = com.rachelpaturi.MeMeMe;
				PRODUCT_NAME = "$(TARGET_NAME)";
				SWIFT_VERSION = 2.3;
			};
			name = Debug;
		};
		DE9A02211C45ABA400D2BD5A /* Release */ = {
			isa = XCBuildConfiguration;
			buildSettings = {
				ASSETCATALOG_COMPILER_APPICON_NAME = AppIcon;
				DEVELOPMENT_TEAM = F3XPE94T2L;
				INFOPLIST_FILE = MeMeMe/Info.plist;
				LD_RUNPATH_SEARCH_PATHS = "$(inherited) @executable_path/Frameworks";
				PRODUCT_BUNDLE_IDENTIFIER = com.rachelpaturi.MeMeMe;
				PRODUCT_NAME = "$(TARGET_NAME)";
				SWIFT_VERSION = 2.3;
			};
			name = Release;
		};
/* End XCBuildConfiguration section */

/* Begin XCConfigurationList section */
		DE9A02081C45ABA300D2BD5A /* Build configuration list for PBXProject "MeMeMe" */ = {
			isa = XCConfigurationList;
			buildConfigurations = (
				DE9A021D1C45ABA400D2BD5A /* Debug */,
				DE9A021E1C45ABA400D2BD5A /* Release */,
			);
			defaultConfigurationIsVisible = 0;
			defaultConfigurationName = Release;
		};
		DE9A021F1C45ABA400D2BD5A /* Build configuration list for PBXNativeTarget "MeMeMe" */ = {
			isa = XCConfigurationList;
			buildConfigurations = (
				DE9A02201C45ABA400D2BD5A /* Debug */,
				DE9A02211C45ABA400D2BD5A /* Release */,
			);
			defaultConfigurationIsVisible = 0;
			defaultConfigurationName = Release;
		};
/* End XCConfigurationList section */
	};
	rootObject = DE9A02051C45ABA300D2BD5A /* Project object */;
}
